github.com/hamza02x/go-color v1.0.0 h1:3o0cf3kkqVhlpEfGthY1n9GgsJEUxsQb9hdSKKdRF6Y=
github.com/hamza02x/go-color v1.0.0/go.mod h1:0Do7ze3rWWBGIAqftd/qAftBZlDokneASjsuIfCdBlY=
github.com/hamza02x/go-helper v1.1.2 h1:xDVCiSMD8Q6VUr2sG/mdlRcG2c4HiLNcu80rfcexYkU=
github.com/hamza02x/go-helper v1.1.2/go.mod h1:LPjHZsEzmhIm0nRtRqTbp7qRZ3X/KCjomAsVj0omD68=
